<?xml version="1.0" encoding="UTF-8"?>
<CodeBlocks_project_file>
	<FileVersion major="1" minor="6"/>
	<Project>
		<Option title="yotta"/>
		<Option makefile_is_custom="1"/>
		<Option compiler="gcc"/>
		<Option virtualFolders="CMake Files\;"/>
		<Build>
			<Target title="all">
				<Option working_dir="/home/ocisra/yotta"/>
				<Option type="4"/>
				<MakeCommands>
					<Build command="/usr/bin/make -f &quot;/home/ocisra/yotta/Makefile&quot;  VERBOSE=1 all"/>
					<CompileFile command="/usr/bin/make -f &quot;/home/ocisra/yotta/Makefile&quot;  VERBOSE=1 &quot;$file&quot;"/>
					<Clean command="/usr/bin/make -f &quot;/home/ocisra/yotta/Makefile&quot;  VERBOSE=1 clean"/>
					<DistClean command="/usr/bin/make -f &quot;/home/ocisra/yotta/Makefile&quot;  VERBOSE=1 clean"/>
				</MakeCommands>
			</Target>
			<Target title="rebuild_cache">
				<Option working_dir="/home/ocisra/yotta"/>
				<Option type="4"/>
				<MakeCommands>
					<Build command="/usr/bin/make -f &quot;/home/ocisra/yotta/Makefile&quot;  VERBOSE=1 rebuild_cache"/>
					<CompileFile command="/usr/bin/make -f &quot;/home/ocisra/yotta/Makefile&quot;  VERBOSE=1 &quot;$file&quot;"/>
					<Clean command="/usr/bin/make -f &quot;/home/ocisra/yotta/Makefile&quot;  VERBOSE=1 clean"/>
					<DistClean command="/usr/bin/make -f &quot;/home/ocisra/yotta/Makefile&quot;  VERBOSE=1 clean"/>
				</MakeCommands>
			</Target>
			<Target title="edit_cache">
				<Option working_dir="/home/ocisra/yotta"/>
				<Option type="4"/>
				<MakeCommands>
					<Build command="/usr/bin/make -f &quot;/home/ocisra/yotta/Makefile&quot;  VERBOSE=1 edit_cache"/>
					<CompileFile command="/usr/bin/make -f &quot;/home/ocisra/yotta/Makefile&quot;  VERBOSE=1 &quot;$file&quot;"/>
					<Clean command="/usr/bin/make -f &quot;/home/ocisra/yotta/Makefile&quot;  VERBOSE=1 clean"/>
					<DistClean command="/usr/bin/make -f &quot;/home/ocisra/yotta/Makefile&quot;  VERBOSE=1 clean"/>
				</MakeCommands>
			</Target>
			<Target title="yotta_daemon">
				<Option output="/home/ocisra/yotta/bin/yotta_daemon" prefix_auto="0" extension_auto="0"/>
				<Option working_dir="./bin"/>
				<Option object_output="./"/>
				<Option type="1"/>
				<Option compiler="gcc"/>
				<Compiler/>
				<MakeCommands>
					<Build command="/usr/bin/make -f &quot;/home/ocisra/yotta/Makefile&quot;  VERBOSE=1 yotta_daemon"/>
					<CompileFile command="/usr/bin/make -f &quot;/home/ocisra/yotta/Makefile&quot;  VERBOSE=1 &quot;$file&quot;"/>
					<Clean command="/usr/bin/make -f &quot;/home/ocisra/yotta/Makefile&quot;  VERBOSE=1 clean"/>
					<DistClean command="/usr/bin/make -f &quot;/home/ocisra/yotta/Makefile&quot;  VERBOSE=1 clean"/>
				</MakeCommands>
			</Target>
			<Target title="yotta_daemon/fast">
				<Option output="/home/ocisra/yotta/bin/yotta_daemon" prefix_auto="0" extension_auto="0"/>
				<Option working_dir="./bin"/>
				<Option object_output="./"/>
				<Option type="1"/>
				<Option compiler="gcc"/>
				<Compiler/>
				<MakeCommands>
					<Build command="/usr/bin/make -f &quot;/home/ocisra/yotta/Makefile&quot;  VERBOSE=1 yotta_daemon/fast"/>
					<CompileFile command="/usr/bin/make -f &quot;/home/ocisra/yotta/Makefile&quot;  VERBOSE=1 &quot;$file&quot;"/>
					<Clean command="/usr/bin/make -f &quot;/home/ocisra/yotta/Makefile&quot;  VERBOSE=1 clean"/>
					<DistClean command="/usr/bin/make -f &quot;/home/ocisra/yotta/Makefile&quot;  VERBOSE=1 clean"/>
				</MakeCommands>
			</Target>
			<Target title="yotta">
				<Option output="/home/ocisra/yotta/bin/yotta" prefix_auto="0" extension_auto="0"/>
				<Option working_dir="./bin"/>
				<Option object_output="./"/>
				<Option type="1"/>
				<Option compiler="gcc"/>
				<Compiler/>
				<MakeCommands>
					<Build command="/usr/bin/make -f &quot;/home/ocisra/yotta/Makefile&quot;  VERBOSE=1 yotta"/>
					<CompileFile command="/usr/bin/make -f &quot;/home/ocisra/yotta/Makefile&quot;  VERBOSE=1 &quot;$file&quot;"/>
					<Clean command="/usr/bin/make -f &quot;/home/ocisra/yotta/Makefile&quot;  VERBOSE=1 clean"/>
					<DistClean command="/usr/bin/make -f &quot;/home/ocisra/yotta/Makefile&quot;  VERBOSE=1 clean"/>
				</MakeCommands>
			</Target>
			<Target title="yotta/fast">
				<Option output="/home/ocisra/yotta/bin/yotta" prefix_auto="0" extension_auto="0"/>
				<Option working_dir="./bin"/>
				<Option object_output="./"/>
				<Option type="1"/>
				<Option compiler="gcc"/>
				<Compiler/>
				<MakeCommands>
					<Build command="/usr/bin/make -f &quot;/home/ocisra/yotta/Makefile&quot;  VERBOSE=1 yotta/fast"/>
					<CompileFile command="/usr/bin/make -f &quot;/home/ocisra/yotta/Makefile&quot;  VERBOSE=1 &quot;$file&quot;"/>
					<Clean command="/usr/bin/make -f &quot;/home/ocisra/yotta/Makefile&quot;  VERBOSE=1 clean"/>
					<DistClean command="/usr/bin/make -f &quot;/home/ocisra/yotta/Makefile&quot;  VERBOSE=1 clean"/>
				</MakeCommands>
			</Target>
		</Build>
		<Unit filename="/home/ocisra/yotta/log.h">
			<Option target="yotta_daemon"/>
			<Option target="yotta"/>
		</Unit>
		<Unit filename="/home/ocisra/yotta/socket.cpp">
			<Option target="yotta_daemon"/>
		</Unit>
		<Unit filename="/home/ocisra/yotta/socket.hpp">
			<Option target="yotta_daemon"/>
		</Unit>
		<Unit filename="/home/ocisra/yotta/timeTracking.cpp">
			<Option target="yotta_daemon"/>
		</Unit>
		<Unit filename="/home/ocisra/yotta/timeTracking.hpp">
			<Option target="yotta_daemon"/>
		</Unit>
		<Unit filename="/home/ocisra/yotta/util.cpp">
			<Option target="yotta_daemon"/>
			<Option target="yotta"/>
		</Unit>
		<Unit filename="/home/ocisra/yotta/util.hpp">
			<Option target="yotta_daemon"/>
			<Option target="yotta"/>
		</Unit>
		<Unit filename="/home/ocisra/yotta/yotta_cli.cpp">
			<Option target="yotta"/>
		</Unit>
		<Unit filename="/home/ocisra/yotta/yotta_daemon.cpp">
			<Option target="yotta_daemon"/>
		</Unit>
		<Unit filename="/home/ocisra/yotta/yotta_daemon.hpp">
			<Option target="yotta_daemon"/>
		</Unit>
		<Unit filename="/home/ocisra/yotta/CMakeLists.txt">
			<Option virtualFolder="CMake Files\"/>
		</Unit>
	</Project>
</CodeBlocks_project_file>
